
Microsoft Visual Studio Solution File, Format Version 12.00
# Visual Studio 15
VisualStudioVersion = 15.0.27004.2008
MinimumVisualStudioVersion = 10.0.40219.1
Project("{FAE04EC0-301F-11D3-BF4B-00C04F79EFBC}") = "PrismDolbi", "PrismDolbi\PrismDolbi\PrismDolbi.csproj", "{372EE8E8-015D-45BB-A3A5-66C0F1D5C580}"
EndProject
Project("{FAE04EC0-301F-11D3-BF4B-00C04F79EFBC}") = "PrismDolbi.Android", "PrismDolbi\PrismDolbi.Android\PrismDolbi.Android.csproj", "{A5C3E371-AC5B-4A2B-90B6-8D918950C3C0}"
EndProject
Project("{FAE04EC0-301F-11D3-BF4B-00C04F79EFBC}") = "PrismDolbi.iOS", "PrismDolbi\PrismDolbi.iOS\PrismDolbi.iOS.csproj", "{A0F0C8F5-5073-47A0-A412-62C7371D9982}"
EndProject
Global
	GlobalSection(SolutionConfigurationPlatforms) = preSolution
		Ad-Hoc|Any CPU = Ad-Hoc|Any CPU
		Ad-Hoc|iPhone = Ad-Hoc|iPhone
		Ad-Hoc|iPhoneSimulator = Ad-Hoc|iPhoneSimulator
		AppStore|Any CPU = AppStore|Any CPU
		AppStore|iPhone = AppStore|iPhone
		AppStore|iPhoneSimulator = AppStore|iPhoneSimulator
		Debug|Any CPU = Debug|Any CPU
		Debug|iPhone = Debug|iPhone
		Debug|iPhoneSimulator = Debug|iPhoneSimulator
		Release|Any CPU = Release|Any CPU
		Release|iPhone = Release|iPhone
		Release|iPhoneSimulator = Release|iPhoneSimulator
	EndGlobalSection
	GlobalSection(ProjectConfigurationPlatforms) = postSolution
		{372EE8E8-015D-45BB-A3A5-66C0F1D5C580}.Ad-Hoc|Any CPU.ActiveCfg = Debug|Any CPU
		{372EE8E8-015D-45BB-A3A5-66C0F1D5C580}.Ad-Hoc|Any CPU.Build.0 = Debug|Any CPU
		{372EE8E8-015D-45BB-A3A5-66C0F1D5C580}.Ad-Hoc|iPhone.ActiveCfg = Debug|Any CPU
		{372EE8E8-015D-45BB-A3A5-66C0F1D5C580}.Ad-Hoc|iPhone.Build.0 = Debug|Any CPU
		{372EE8E8-015D-45BB-A3A5-66C0F1D5C580}.Ad-Hoc|iPhoneSimulator.ActiveCfg = Debug|Any CPU
		{372EE8E8-015D-45BB-A3A5-66C0F1D5C580}.Ad-Hoc|iPhoneSimulator.Build.0 = Debug|Any CPU
		{372EE8E8-015D-45BB-A3A5-66C0F1D5C580}.AppStore|Any CPU.ActiveCfg = Debug|Any CPU
		{372EE8E8-015D-45BB-A3A5-66C0F1D5C580}.AppStore|Any CPU.Build.0 = Debug|Any CPU
		{372EE8E8-015D-45BB-A3A5-66C0F1D5C580}.AppStore|iPhone.ActiveCfg = Debug|Any CPU
		{372EE8E8-015D-45BB-A3A5-66C0F1D5C580}.AppStore|iPhone.Build.0 = Debug|Any CPU
		{372EE8E8-015D-45BB-A3A5-66C0F1D5C580}.AppStore|iPhoneSimulator.ActiveCfg = Debug|Any CPU
		{372EE8E8-015D-45BB-A3A5-66C0F1D5C580}.AppStore|iPhoneSimulator.Build.0 = Debug|Any CPU
		{372EE8E8-015D-45BB-A3A5-66C0F1D5C580}.Debug|Any CPU.ActiveCfg = Debug|Any CPU
		{372EE8E8-015D-45BB-A3A5-66C0F1D5C580}.Debug|Any CPU.Build.0 = Debug|Any CPU
		{372EE8E8-015D-45BB-A3A5-66C0F1D5C580}.Debug|iPhone.ActiveCfg = Debug|Any CPU
		{372EE8E8-015D-45BB-A3A5-66C0F1D5C580}.Debug|iPhone.Build.0 = Debug|Any CPU
		{372EE8E8-015D-45BB-A3A5-66C0F1D5C580}.Debug|iPhoneSimulator.ActiveCfg = Debug|Any CPU
		{372EE8E8-015D-45BB-A3A5-66C0F1D5C580}.Debug|iPhoneSimulator.Build.0 = Debug|Any CPU
		{372EE8E8-015D-45BB-A3A5-66C0F1D5C580}.Release|Any CPU.ActiveCfg = Release|Any CPU
		{372EE8E8-015D-45BB-A3A5-66C0F1D5C580}.Release|Any CPU.Build.0 = Release|Any CPU
		{372EE8E8-015D-45BB-A3A5-66C0F1D5C580}.Release|iPhone.ActiveCfg = Release|Any CPU
		{372EE8E8-015D-45BB-A3A5-66C0F1D5C580}.Release|iPhone.Build.0 = Release|Any CPU
		{372EE8E8-015D-45BB-A3A5-66C0F1D5C580}.Release|iPhoneSimulator.ActiveCfg = Release|Any CPU
		{372EE8E8-015D-45BB-A3A5-66C0F1D5C580}.Release|iPhoneSimulator.Build.0 = Release|Any CPU
		{A5C3E371-AC5B-4A2B-90B6-8D918950C3C0}.Ad-Hoc|Any CPU.ActiveCfg = Release|Any CPU
		{A5C3E371-AC5B-4A2B-90B6-8D918950C3C0}.Ad-Hoc|Any CPU.Build.0 = Release|Any CPU
		{A5C3E371-AC5B-4A2B-90B6-8D918950C3C0}.Ad-Hoc|Any CPU.Deploy.0 = Release|Any CPU
		{A5C3E371-AC5B-4A2B-90B6-8D918950C3C0}.Ad-Hoc|iPhone.ActiveCfg = Release|Any CPU
		{A5C3E371-AC5B-4A2B-90B6-8D918950C3C0}.Ad-Hoc|iPhone.Build.0 = Release|Any CPU
		{A5C3E371-AC5B-4A2B-90B6-8D918950C3C0}.Ad-Hoc|iPhone.Deploy.0 = Release|Any CPU
		{A5C3E371-AC5B-4A2B-90B6-8D918950C3C0}.Ad-Hoc|iPhoneSimulator.ActiveCfg = Release|Any CPU
		{A5C3E371-AC5B-4A2B-90B6-8D918950C3C0}.Ad-Hoc|iPhoneSimulator.Build.0 = Release|Any CPU
		{A5C3E371-AC5B-4A2B-90B6-8D918950C3C0}.Ad-Hoc|iPhoneSimulator.Deploy.0 = Release|Any CPU
		{A5C3E371-AC5B-4A2B-90B6-8D918950C3C0}.AppStore|Any CPU.ActiveCfg = Release|Any CPU
		{A5C3E371-AC5B-4A2B-90B6-8D918950C3C0}.AppStore|Any CPU.Build.0 = Release|Any CPU
		{A5C3E371-AC5B-4A2B-90B6-8D918950C3C0}.AppStore|Any CPU.Deploy.0 = Release|Any CPU
		{A5C3E371-AC5B-4A2B-90B6-8D918950C3C0}.AppStore|iPhone.ActiveCfg = Release|Any CPU
		{A5C3E371-AC5B-4A2B-90B6-8D918950C3C0}.AppStore|iPhone.Build.0 = Release|Any CPU
		{A5C3E371-AC5B-4A2B-90B6-8D918950C3C0}.AppStore|iPhone.Deploy.0 = Release|Any CPU
		{A5C3E371-AC5B-4A2B-90B6-8D918950C3C0}.AppStore|iPhoneSimulator.ActiveCfg = Release|Any CPU
		{A5C3E371-AC5B-4A2B-90B6-8D918950C3C0}.AppStore|iPhoneSimulator.Build.0 = Release|Any CPU
		{A5C3E371-AC5B-4A2B-90B6-8D918950C3C0}.AppStore|iPhoneSimulator.Deploy.0 = Release|Any CPU
		{A5C3E371-AC5B-4A2B-90B6-8D918950C3C0}.Debug|Any CPU.ActiveCfg = Debug|Any CPU
		{A5C3E371-AC5B-4A2B-90B6-8D918950C3C0}.Debug|Any CPU.Build.0 = Debug|Any CPU
		{A5C3E371-AC5B-4A2B-90B6-8D918950C3C0}.Debug|Any CPU.Deploy.0 = Debug|Any CPU
		{A5C3E371-AC5B-4A2B-90B6-8D918950C3C0}.Debug|iPhone.ActiveCfg = Debug|Any CPU
		{A5C3E371-AC5B-4A2B-90B6-8D918950C3C0}.Debug|iPhone.Build.0 = Debug|Any CPU
		{A5C3E371-AC5B-4A2B-90B6-8D918950C3C0}.Debug|iPhone.Deploy.0 = Debug|Any CPU
		{A5C3E371-AC5B-4A2B-90B6-8D918950C3C0}.Debug|iPhoneSimulator.ActiveCfg = Debug|Any CPU
		{A5C3E371-AC5B-4A2B-90B6-8D918950C3C0}.Debug|iPhoneSimulator.Build.0 = Debug|Any CPU
		{A5C3E371-AC5B-4A2B-90B6-8D918950C3C0}.Debug|iPhoneSimulator.Deploy.0 = Debug|Any CPU
		{A5C3E371-AC5B-4A2B-90B6-8D918950C3C0}.Release|Any CPU.ActiveCfg = Release|Any CPU
		{A5C3E371-AC5B-4A2B-90B6-8D918950C3C0}.Release|Any CPU.Build.0 = Release|Any CPU
		{A5C3E371-AC5B-4A2B-90B6-8D918950C3C0}.Release|Any CPU.Deploy.0 = Release|Any CPU
		{A5C3E371-AC5B-4A2B-90B6-8D918950C3C0}.Release|iPhone.ActiveCfg = Release|Any CPU
		{A5C3E371-AC5B-4A2B-90B6-8D918950C3C0}.Release|iPhone.Build.0 = Release|Any CPU
		{A5C3E371-AC5B-4A2B-90B6-8D918950C3C0}.Release|iPhone.Deploy.0 = Release|Any CPU
		{A5C3E371-AC5B-4A2B-90B6-8D918950C3C0}.Release|iPhoneSimulator.ActiveCfg = Release|Any CPU
		{A5C3E371-AC5B-4A2B-90B6-8D918950C3C0}.Release|iPhoneSimulator.Build.0 = Release|Any CPU
		{A5C3E371-AC5B-4A2B-90B6-8D918950C3C0}.Release|iPhoneSimulator.Deploy.0 = Release|Any CPU
		{A0F0C8F5-5073-47A0-A412-62C7371D9982}.Ad-Hoc|Any CPU.ActiveCfg = Ad-Hoc|iPhone
		{A0F0C8F5-5073-47A0-A412-62C7371D9982}.Ad-Hoc|iPhone.ActiveCfg = Ad-Hoc|iPhone
		{A0F0C8F5-5073-47A0-A412-62C7371D9982}.Ad-Hoc|iPhone.Build.0 = Ad-Hoc|iPhone
		{A0F0C8F5-5073-47A0-A412-62C7371D9982}.Ad-Hoc|iPhoneSimulator.ActiveCfg = Ad-Hoc|iPhoneSimulator
		{A0F0C8F5-5073-47A0-A412-62C7371D9982}.Ad-Hoc|iPhoneSimulator.Build.0 = Ad-Hoc|iPhoneSimulator
		{A0F0C8F5-5073-47A0-A412-62C7371D9982}.AppStore|Any CPU.ActiveCfg = AppStore|iPhone
		{A0F0C8F5-5073-47A0-A412-62C7371D9982}.AppStore|iPhone.ActiveCfg = AppStore|iPhone
		{A0F0C8F5-5073-47A0-A412-62C7371D9982}.AppStore|iPhone.Build.0 = AppStore|iPhone
		{A0F0C8F5-5073-47A0-A412-62C7371D9982}.AppStore|iPhoneSimulator.ActiveCfg = AppStore|iPhoneSimulator
		{A0F0C8F5-5073-47A0-A412-62C7371D9982}.AppStore|iPhoneSimulator.Build.0 = AppStore|iPhoneSimulator
		{A0F0C8F5-5073-47A0-A412-62C7371D9982}.Debug|Any CPU.ActiveCfg = Debug|iPhone
		{A0F0C8F5-5073-47A0-A412-62C7371D9982}.Debug|iPhone.ActiveCfg = Debug|iPhone
		{A0F0C8F5-5073-47A0-A412-62C7371D9982}.Debug|iPhone.Build.0 = Debug|iPhone
		{A0F0C8F5-5073-47A0-A412-62C7371D9982}.Debug|iPhoneSimulator.ActiveCfg = Debug|iPhoneSimulator
		{A0F0C8F5-5073-47A0-A412-62C7371D9982}.Debug|iPhoneSimulator.Build.0 = Debug|iPhoneSimulator
		{A0F0C8F5-5073-47A0-A412-62C7371D9982}.Release|Any CPU.ActiveCfg = Release|iPhone
		{A0F0C8F5-5073-47A0-A412-62C7371D9982}.Release|iPhone.ActiveCfg = Release|iPhone
		{A0F0C8F5-5073-47A0-A412-62C7371D9982}.Release|iPhone.Build.0 = Release|iPhone
		{A0F0C8F5-5073-47A0-A412-62C7371D9982}.Release|iPhoneSimulator.ActiveCfg = Release|iPhoneSimulator
		{A0F0C8F5-5073-47A0-A412-62C7371D9982}.Release|iPhoneSimulator.Build.0 = Release|iPhoneSimulator
	EndGlobalSection
	GlobalSection(SolutionProperties) = preSolution
		HideSolutionNode = FALSE
	EndGlobalSection
	GlobalSection(ExtensibilityGlobals) = postSolution
		SolutionGuid = {44B00528-9244-43AF-BB06-0D9B417DAF44}
	EndGlobalSection
EndGlobal
